
Microsoft Visual Studio Solution File, Format Version 12.00
# Visual Studio Version 17
VisualStudioVersion = 17.0.32112.339
MinimumVisualStudioVersion = 10.0.40219.1
Project("{FAE04EC0-301F-11D3-BF4B-00C04F79EFBC}") = "BlazingChat.FunctionalTests", "BlazingChat.FunctionalTests.csproj", "{6B37523C-DD8F-47B7-A5DB-EB85E0E64EBD}"
EndProject
Global
	GlobalSection(SolutionConfigurationPlatforms) = preSolution
		Debug|Any CPU = Debug|Any CPU
		Release|Any CPU = Release|Any CPU
	EndGlobalSection
	GlobalSection(ProjectConfigurationPlatforms) = postSolution
		{6B37523C-DD8F-47B7-A5DB-EB85E0E64EBD}.Debug|Any CPU.ActiveCfg = Debug|Any CPU
		{6B37523C-DD8F-47B7-A5DB-EB85E0E64EBD}.Debug|Any CPU.Build.0 = Debug|Any CPU
		{6B37523C-DD8F-47B7-A5DB-EB85E0E64EBD}.Release|Any CPU.ActiveCfg = Release|Any CPU
		{6B37523C-DD8F-47B7-A5DB-EB85E0E64EBD}.Release|Any CPU.Build.0 = Release|Any CPU
	EndGlobalSection
	GlobalSection(SolutionProperties) = preSolution
		HideSolutionNode = FALSE
	EndGlobalSection
	GlobalSection(ExtensibilityGlobals) = postSolution
		SolutionGuid = {6B5F3BD6-FC48-4E85-A49D-43B245EEC0A1}
	EndGlobalSection
EndGlobal
