Microsoft Visual Studio Solution File, Format Version 12.00
# Visual Studio Version 17
VisualStudioVersion = 17.0.31912.275
MinimumVisualStudioVersion = 16.0.0.0
Project("{9A19103F-16F7-4668-BE54-9A1E7A4F7556}") = "BlazingChat.Client", "BlazingChat.Client\BlazingChat.Client.csproj", "{6D926E69-6F62-4B09-BD71-97AA01AE393A}"
EndProject
Project("{9A19103F-16F7-4668-BE54-9A1E7A4F7556}") = "BlazingChat.Shared", "BlazingChat.Shared\BlazingChat.Shared.csproj", "{A927288A-06FA-4A37-B42F-191CEC6442F3}"
EndProject
Project("{9A19103F-16F7-4668-BE54-9A1E7A4F7556}") = "BlazingChat.WebAPI", "BlazingChat.WebAPI\BlazingChat.WebAPI.csproj", "{8889467E-53FC-4A7E-819D-EA40750F34C5}"
EndProject
Project("{9A19103F-16F7-4668-BE54-9A1E7A4F7556}") = "BlazingChat.Components", "BlazingChat.Components\BlazingChat.Components.csproj", "{B035DFD9-D419-41B1-AF6E-36D8FDEAF039}"
EndProject
Project("{9A19103F-16F7-4668-BE54-9A1E7A4F7556}") = "BlazingChat.Server", "BlazingChat.Server\BlazingChat.Server.csproj", "{140291DF-6524-42D6-9DCD-F1FA711CE9F7}"
EndProject
Project("{9A19103F-16F7-4668-BE54-9A1E7A4F7556}") = "BlazingChat.RazorPages", "BlazingChat.RazorPages\BlazingChat.RazorPages.csproj", "{1890625D-201B-4B39-85C2-AF13265727C8}"
EndProject
Project("{FAE04EC0-301F-11D3-BF4B-00C04F79EFBC}") = "BlazingChat.FunctionalTests", "..\tests\BlazingChat.FunctionalTests\BlazingChat.FunctionalTests.csproj", "{91EDDE91-4860-4ACD-B0BE-737AB57DBB9E}"
EndProject
Global
	GlobalSection(SolutionConfigurationPlatforms) = preSolution
		Debug|Any CPU = Debug|Any CPU
		Release|Any CPU = Release|Any CPU
	EndGlobalSection
	GlobalSection(ProjectConfigurationPlatforms) = postSolution
		{6D926E69-6F62-4B09-BD71-97AA01AE393A}.Debug|Any CPU.ActiveCfg = Debug|Any CPU
		{6D926E69-6F62-4B09-BD71-97AA01AE393A}.Debug|Any CPU.Build.0 = Debug|Any CPU
		{6D926E69-6F62-4B09-BD71-97AA01AE393A}.Release|Any CPU.ActiveCfg = Release|Any CPU
		{6D926E69-6F62-4B09-BD71-97AA01AE393A}.Release|Any CPU.Build.0 = Release|Any CPU
		{A927288A-06FA-4A37-B42F-191CEC6442F3}.Debug|Any CPU.ActiveCfg = Debug|Any CPU
		{A927288A-06FA-4A37-B42F-191CEC6442F3}.Debug|Any CPU.Build.0 = Debug|Any CPU
		{A927288A-06FA-4A37-B42F-191CEC6442F3}.Release|Any CPU.ActiveCfg = Release|Any CPU
		{A927288A-06FA-4A37-B42F-191CEC6442F3}.Release|Any CPU.Build.0 = Release|Any CPU
		{8889467E-53FC-4A7E-819D-EA40750F34C5}.Debug|Any CPU.ActiveCfg = Debug|Any CPU
		{8889467E-53FC-4A7E-819D-EA40750F34C5}.Debug|Any CPU.Build.0 = Debug|Any CPU
		{8889467E-53FC-4A7E-819D-EA40750F34C5}.Release|Any CPU.ActiveCfg = Release|Any CPU
		{8889467E-53FC-4A7E-819D-EA40750F34C5}.Release|Any CPU.Build.0 = Release|Any CPU
		{B035DFD9-D419-41B1-AF6E-36D8FDEAF039}.Debug|Any CPU.ActiveCfg = Debug|Any CPU
		{B035DFD9-D419-41B1-AF6E-36D8FDEAF039}.Debug|Any CPU.Build.0 = Debug|Any CPU
		{B035DFD9-D419-41B1-AF6E-36D8FDEAF039}.Release|Any CPU.ActiveCfg = Release|Any CPU
		{B035DFD9-D419-41B1-AF6E-36D8FDEAF039}.Release|Any CPU.Build.0 = Release|Any CPU
		{140291DF-6524-42D6-9DCD-F1FA711CE9F7}.Debug|Any CPU.ActiveCfg = Debug|Any CPU
		{140291DF-6524-42D6-9DCD-F1FA711CE9F7}.Debug|Any CPU.Build.0 = Debug|Any CPU
		{140291DF-6524-42D6-9DCD-F1FA711CE9F7}.Release|Any CPU.ActiveCfg = Release|Any CPU
		{140291DF-6524-42D6-9DCD-F1FA711CE9F7}.Release|Any CPU.Build.0 = Release|Any CPU
		{1890625D-201B-4B39-85C2-AF13265727C8}.Debug|Any CPU.ActiveCfg = Debug|Any CPU
		{1890625D-201B-4B39-85C2-AF13265727C8}.Debug|Any CPU.Build.0 = Debug|Any CPU
		{1890625D-201B-4B39-85C2-AF13265727C8}.Release|Any CPU.ActiveCfg = Release|Any CPU
		{1890625D-201B-4B39-85C2-AF13265727C8}.Release|Any CPU.Build.0 = Release|Any CPU
		{91EDDE91-4860-4ACD-B0BE-737AB57DBB9E}.Debug|Any CPU.ActiveCfg = Debug|Any CPU
		{91EDDE91-4860-4ACD-B0BE-737AB57DBB9E}.Debug|Any CPU.Build.0 = Debug|Any CPU
		{91EDDE91-4860-4ACD-B0BE-737AB57DBB9E}.Release|Any CPU.ActiveCfg = Release|Any CPU
		{91EDDE91-4860-4ACD-B0BE-737AB57DBB9E}.Release|Any CPU.Build.0 = Release|Any CPU
	EndGlobalSection
	GlobalSection(SolutionProperties) = preSolution
		HideSolutionNode = FALSE
	EndGlobalSection
	GlobalSection(ExtensibilityGlobals) = postSolution
		SolutionGuid = {F9A5E994-D43E-4024-82E3-6938AD5378A7}
	EndGlobalSection
EndGlobal
